
Microsoft Visual Studio Solution File, Format Version 12.00
# Visual Studio 2013
VisualStudioVersion = 12.0.21005.1
MinimumVisualStudioVersion = 10.0.40219.1
Project("{8BC9CEB8-8B4A-11D0-8D11-00A0C91BC942}") = "TestClient", "TestProcomm\TestProcomm.vcxproj", "{EA39E918-579F-46F4-A7C1-1F6D14D6C6E3}"
EndProject
Project("{8BC9CEB8-8B4A-11D0-8D11-00A0C91BC942}") = "protcomm", "..\protcomm\protcomm\protcomm.vcxproj", "{8022DA09-0512-4B18-9571-85E3166929FD}"
EndProject
Project("{8BC9CEB8-8B4A-11D0-8D11-00A0C91BC942}") = "tcpcomm2", "..\..\..\lib_tcpcomm2\sources\tcpcomm2\tcpcomm2\tcpcomm2.vcxproj", "{0D3D167E-4617-4B7E-9FD9-5D10E18C666F}"
EndProject
Global
	GlobalSection(SolutionConfigurationPlatforms) = preSolution
		Debug|Win32 = Debug|Win32
		Debug|x64 = Debug|x64
		Release|Win32 = Release|Win32
		Release|x64 = Release|x64
	EndGlobalSection
	GlobalSection(ProjectConfigurationPlatforms) = postSolution
		{EA39E918-579F-46F4-A7C1-1F6D14D6C6E3}.Debug|Win32.ActiveCfg = Debug|Win32
		{EA39E918-579F-46F4-A7C1-1F6D14D6C6E3}.Debug|Win32.Build.0 = Debug|Win32
		{EA39E918-579F-46F4-A7C1-1F6D14D6C6E3}.Debug|x64.ActiveCfg = Debug|x64
		{EA39E918-579F-46F4-A7C1-1F6D14D6C6E3}.Debug|x64.Build.0 = Debug|x64
		{EA39E918-579F-46F4-A7C1-1F6D14D6C6E3}.Release|Win32.ActiveCfg = Release|Win32
		{EA39E918-579F-46F4-A7C1-1F6D14D6C6E3}.Release|Win32.Build.0 = Release|Win32
		{EA39E918-579F-46F4-A7C1-1F6D14D6C6E3}.Release|x64.ActiveCfg = Release|x64
		{EA39E918-579F-46F4-A7C1-1F6D14D6C6E3}.Release|x64.Build.0 = Release|x64
		{8022DA09-0512-4B18-9571-85E3166929FD}.Debug|Win32.ActiveCfg = Debug|Win32
		{8022DA09-0512-4B18-9571-85E3166929FD}.Debug|Win32.Build.0 = Debug|Win32
		{8022DA09-0512-4B18-9571-85E3166929FD}.Debug|x64.ActiveCfg = Debug|x64
		{8022DA09-0512-4B18-9571-85E3166929FD}.Debug|x64.Build.0 = Debug|x64
		{8022DA09-0512-4B18-9571-85E3166929FD}.Release|Win32.ActiveCfg = Release|Win32
		{8022DA09-0512-4B18-9571-85E3166929FD}.Release|Win32.Build.0 = Release|Win32
		{8022DA09-0512-4B18-9571-85E3166929FD}.Release|x64.ActiveCfg = Release|x64
		{8022DA09-0512-4B18-9571-85E3166929FD}.Release|x64.Build.0 = Release|x64
		{0D3D167E-4617-4B7E-9FD9-5D10E18C666F}.Debug|Win32.ActiveCfg = Debug|Win32
		{0D3D167E-4617-4B7E-9FD9-5D10E18C666F}.Debug|Win32.Build.0 = Debug|Win32
		{0D3D167E-4617-4B7E-9FD9-5D10E18C666F}.Debug|x64.ActiveCfg = Debug|x64
		{0D3D167E-4617-4B7E-9FD9-5D10E18C666F}.Debug|x64.Build.0 = Debug|x64
		{0D3D167E-4617-4B7E-9FD9-5D10E18C666F}.Release|Win32.ActiveCfg = Release|Win32
		{0D3D167E-4617-4B7E-9FD9-5D10E18C666F}.Release|Win32.Build.0 = Release|Win32
		{0D3D167E-4617-4B7E-9FD9-5D10E18C666F}.Release|x64.ActiveCfg = Release|x64
		{0D3D167E-4617-4B7E-9FD9-5D10E18C666F}.Release|x64.Build.0 = Release|x64
	EndGlobalSection
	GlobalSection(SolutionProperties) = preSolution
		HideSolutionNode = FALSE
	EndGlobalSection
EndGlobal
